Microsoft Visual Studio Solution File, Format Version 11.00
# Visual Studio 2008

Project("{061AE4CE-0E6E-3AC1-2869-417F062F71D3}") = "Project_Chicken", "Assembly-CSharp-firstpass.csproj", "{2098CE16-7A95-4D65-6AE2-41B12BAC2AE2}"
EndProject
Project("{061AE4CE-0E6E-3AC1-2869-417F062F71D3}") = "Project_Chicken", "Assembly-CSharp.csproj", "{DD3EE9C9-3099-D0CC-172C-5695838C80DD}"
EndProject
Project("{061AE4CE-0E6E-3AC1-2869-417F062F71D3}") = "Project_Chicken", "Assembly-CSharp-Editor.csproj", "{4466177C-39C3-FBE0-2FC4-DE8F12DD9A72}"
EndProject
Global
	GlobalSection(SolutionConfigurationPlatforms) = preSolution
		Debug|Any CPU = Debug|Any CPU
		Release|Any CPU = Release|Any CPU
	EndGlobalSection
	GlobalSection(ProjectConfigurationPlatforms) = postSolution
		{2098CE16-7A95-4D65-6AE2-41B12BAC2AE2}.Debug|Any CPU.ActiveCfg = Debug|Any CPU
		{2098CE16-7A95-4D65-6AE2-41B12BAC2AE2}.Debug|Any CPU.Build.0 = Debug|Any CPU
		{2098CE16-7A95-4D65-6AE2-41B12BAC2AE2}.Release|Any CPU.ActiveCfg = Release|Any CPU
		{2098CE16-7A95-4D65-6AE2-41B12BAC2AE2}.Release|Any CPU.Build.0 = Release|Any CPU
		{DD3EE9C9-3099-D0CC-172C-5695838C80DD}.Debug|Any CPU.ActiveCfg = Debug|Any CPU
		{DD3EE9C9-3099-D0CC-172C-5695838C80DD}.Debug|Any CPU.Build.0 = Debug|Any CPU
		{DD3EE9C9-3099-D0CC-172C-5695838C80DD}.Release|Any CPU.ActiveCfg = Release|Any CPU
		{DD3EE9C9-3099-D0CC-172C-5695838C80DD}.Release|Any CPU.Build.0 = Release|Any CPU
		{4466177C-39C3-FBE0-2FC4-DE8F12DD9A72}.Debug|Any CPU.ActiveCfg = Debug|Any CPU
		{4466177C-39C3-FBE0-2FC4-DE8F12DD9A72}.Debug|Any CPU.Build.0 = Debug|Any CPU
		{4466177C-39C3-FBE0-2FC4-DE8F12DD9A72}.Release|Any CPU.ActiveCfg = Release|Any CPU
		{4466177C-39C3-FBE0-2FC4-DE8F12DD9A72}.Release|Any CPU.Build.0 = Release|Any CPU
	EndGlobalSection
	GlobalSection(SolutionProperties) = preSolution
		HideSolutionNode = FALSE
	EndGlobalSection
											GlobalSection(MonoDevelopProperties) = preSolution
		StartupItem = Assembly-CSharp.csproj
		Policies = $0
		$0.TextStylePolicy = $1
		$1.inheritsSet = null
		$1.scope = text/x-csharp
		$0.CSharpFormattingPolicy = $2
		$2.inheritsSet = Mono
		$2.inheritsScope = text/x-csharp
		$2.scope = text/x-csharp
		$0.TextStylePolicy = $3
		$3.FileWidth = 120
		$3.TabWidth = 4
		$3.IndentWidth = 4
		$3.EolMarker = Unix
		$3.inheritsSet = Mono
		$3.inheritsScope = text/plain
		$3.scope = text/plain
	EndGlobalSection

EndGlobal
